
Microsoft Visual Studio Solution File, Format Version 12.00
# Visual Studio Version 17
VisualStudioVersion = 17.2.32630.192
MinimumVisualStudioVersion = 10.0.40219.1
Project("{FAE04EC0-301F-11D3-BF4B-00C04F79EFBC}") = "BBTheLockedDoor", "BBTheLockedDoor\BBTheLockedDoor.csproj", "{A2D027E9-9C0B-4D5B-917E-2DB459511DDE}"
EndProject
Global
	GlobalSection(SolutionConfigurationPlatforms) = preSolution
		Debug|Any CPU = Debug|Any CPU
		Release|Any CPU = Release|Any CPU
	EndGlobalSection
	GlobalSection(ProjectConfigurationPlatforms) = postSolution
		{A2D027E9-9C0B-4D5B-917E-2DB459511DDE}.Debug|Any CPU.ActiveCfg = Debug|Any CPU
		{A2D027E9-9C0B-4D5B-917E-2DB459511DDE}.Debug|Any CPU.Build.0 = Debug|Any CPU
		{A2D027E9-9C0B-4D5B-917E-2DB459511DDE}.Release|Any CPU.ActiveCfg = Release|Any CPU
		{A2D027E9-9C0B-4D5B-917E-2DB459511DDE}.Release|Any CPU.Build.0 = Release|Any CPU
	EndGlobalSection
	GlobalSection(SolutionProperties) = preSolution
		HideSolutionNode = FALSE
	EndGlobalSection
	GlobalSection(ExtensibilityGlobals) = postSolution
		SolutionGuid = {A26D25DA-9B9D-4243-BEE9-6F5FEEE1E062}
	EndGlobalSection
EndGlobal
